// !$*UTF8*$!
{
	archiveVersion = 1;
	classes = {
	};
	objectVersion = 46;
	objects = {

/* Begin PBXBuildFile section */
		7B96E0DF1EB90A6D009BF89E /* main.m in Sources */ = {isa = PBXBuildFile; fileRef = 7B96E0DE1EB90A6D009BF89E /* main.m */; };
		7B96E0E21EB90A6D009BF89E /* AppDelegate.mm in Sources */ = {isa = PBXBuildFile; fileRef = 7B96E0E11EB90A6D009BF89E /* AppDelegate.mm */; };
		7B96E0E51EB90A6D009BF89E /* ViewController.m in Sources */ = {isa = PBXBuildFile; fileRef = 7B96E0E41EB90A6D009BF89E /* ViewController.m */; };
		7B96E0E81EB90A6D009BF89E /* Main.storyboard in Resources */ = {isa = PBXBuildFile; fileRef = 7B96E0E61EB90A6D009BF89E /* Main.storyboard */; };
		7B96E0EB1EB90A6D009BF89E /* AngryBirds.xcdatamodeld in Sources */ = {isa = PBXBuildFile; fileRef = 7B96E0E91EB90A6D009BF89E /* AngryBirds.xcdatamodeld */; };
		7B96E0ED1EB90A6D009BF89E /* Assets.xcassets in Resources */ = {isa = PBXBuildFile; fileRef = 7B96E0EC1EB90A6D009BF89E /* Assets.xcassets */; };
		7B96E0F01EB90A6D009BF89E /* LaunchScreen.storyboard in Resources */ = {isa = PBXBuildFile; fileRef = 7B96E0EE1EB90A6D009BF89E /* LaunchScreen.storyboard */; };
		7B96E0FB1EB90A6D009BF89E /* AngryBirdsTests.m in Sources */ = {isa = PBXBuildFile; fileRef = 7B96E0FA1EB90A6D009BF89E /* AngryBirdsTests.m */; };
		7B96E1061EB90A6D009BF89E /* AngryBirdsUITests.m in Sources */ = {isa = PBXBuildFile; fileRef = 7B96E1051EB90A6D009BF89E /* AngryBirdsUITests.m */; };
		7BD3EEDF1EBA6FF500A27A54 /* AudioToolbox.framework in Frameworks */ = {isa = PBXBuildFile; fileRef = 7BD3EEDA1EBA6FF500A27A54 /* AudioToolbox.framework */; };
		7BD3EEE01EBA6FF500A27A54 /* AVFoundation.framework in Frameworks */ = {isa = PBXBuildFile; fileRef = 7BD3EEDB1EBA6FF500A27A54 /* AVFoundation.framework */; };
		7BD3EEE11EBA6FF500A27A54 /* OpenAL.framework in Frameworks */ = {isa = PBXBuildFile; fileRef = 7BD3EEDC1EBA6FF500A27A54 /* OpenAL.framework */; };
		7BD3EEE21EBA6FF500A27A54 /* OpenGLES.framework in Frameworks */ = {isa = PBXBuildFile; fileRef = 7BD3EEDD1EBA6FF500A27A54 /* OpenGLES.framework */; };
		7BD3EEE31EBA6FF500A27A54 /* QuartzCore.framework in Frameworks */ = {isa = PBXBuildFile; fileRef = 7BD3EEDE1EBA6FF500A27A54 /* QuartzCore.framework */; };
		7BD3EEE51EBA735600A27A54 /* libz.1.dylib in Frameworks */ = {isa = PBXBuildFile; fileRef = 7BD3EEE41EBA735600A27A54 /* libz.1.dylib */; };
		7BD3EEEB1EBA744400A27A54 /* 1.data in Resources */ = {isa = PBXBuildFile; fileRef = 7BD3EEE91EBA744400A27A54 /* 1.data */; };
		7BD3EEEC1EBA744400A27A54 /* 2.data in Resources */ = {isa = PBXBuildFile; fileRef = 7BD3EEEA1EBA744400A27A54 /* 2.data */; };
		7BD3EEFA1EBA745A00A27A54 /* Box2D in Resources */ = {isa = PBXBuildFile; fileRef = 7BD3EEED1EBA745A00A27A54 /* Box2D */; };
		7BD3EEFB1EBA745A00A27A54 /* cocos2d in Resources */ = {isa = PBXBuildFile; fileRef = 7BD3EEEE1EBA745A00A27A54 /* cocos2d */; };
		7BD3EEFC1EBA745A00A27A54 /* CocosDenshion in Resources */ = {isa = PBXBuildFile; fileRef = 7BD3EEEF1EBA745A00A27A54 /* CocosDenshion */; };
		7BD3EEFD1EBA745A00A27A54 /* cocoslive in Resources */ = {isa = PBXBuildFile; fileRef = 7BD3EEF01EBA745A00A27A54 /* cocoslive */; };
		7BD3EEFE1EBA745A00A27A54 /* FontLabel in Resources */ = {isa = PBXBuildFile; fileRef = 7BD3EEF11EBA745A00A27A54 /* FontLabel */; };
		7BD3EEFF1EBA745A00A27A54 /* Fonts in Resources */ = {isa = PBXBuildFile; fileRef = 7BD3EEF21EBA745A00A27A54 /* Fonts */; };
		7BD3EF001EBA745A00A27A54 /* LICENSE_Box2D.txt in Resources */ = {isa = PBXBuildFile; fileRef = 7BD3EEF31EBA745A00A27A54 /* LICENSE_Box2D.txt */; };
		7BD3EF011EBA745A00A27A54 /* LICENSE_cocos2d.txt in Resources */ = {isa = PBXBuildFile; fileRef = 7BD3EEF41EBA745A00A27A54 /* LICENSE_cocos2d.txt */; };
		7BD3EF021EBA745A00A27A54 /* LICENSE_CocosDenshion.txt in Resources */ = {isa = PBXBuildFile; fileRef = 7BD3EEF51EBA745A00A27A54 /* LICENSE_CocosDenshion.txt */; };
		7BD3EF031EBA745A00A27A54 /* LICENSE_FontLabel.txt in Resources */ = {isa = PBXBuildFile; fileRef = 7BD3EEF61EBA745A00A27A54 /* LICENSE_FontLabel.txt */; };
		7BD3EF041EBA745A00A27A54 /* LICENSE_TouchJSON.txt in Resources */ = {isa = PBXBuildFile; fileRef = 7BD3EEF71EBA745A00A27A54 /* LICENSE_TouchJSON.txt */; };
		7BD3EF051EBA745A00A27A54 /* SBJson in Resources */ = {isa = PBXBuildFile; fileRef = 7BD3EEF81EBA745A00A27A54 /* SBJson */; };
		7BD3EF061EBA745A00A27A54 /* TouchJSON in Resources */ = {isa = PBXBuildFile; fileRef = 7BD3EEF91EBA745A00A27A54 /* TouchJSON */; };
/* End PBXBuildFile section */

/* Begin PBXContainerItemProxy section */
		7B96E0F71EB90A6D009BF89E /* PBXContainerItemProxy */ = {
			isa = PBXContainerItemProxy;
			containerPortal = 7B96E0D21EB90A6D009BF89E /* Project object */;
			proxyType = 1;
			remoteGlobalIDString = 7B96E0D91EB90A6D009BF89E;
			remoteInfo = AngryBirds;
		};
		7B96E1021EB90A6D009BF89E /* PBXContainerItemProxy */ = {
			isa = PBXContainerItemProxy;
			containerPortal = 7B96E0D21EB90A6D009BF89E /* Project object */;
			proxyType = 1;
			remoteGlobalIDString = 7B96E0D91EB90A6D009BF89E;
			remoteInfo = AngryBirds;
		};
/* End PBXContainerItemProxy section */

/* Begin PBXFileReference section */
		7B96E0DA1EB90A6D009BF89E /* AngryBirds.app */ = {isa = PBXFileReference; explicitFileType = wrapper.application; includeInIndex = 0; path = AngryBirds.app; sourceTree = BUILT_PRODUCTS_DIR; };
		7B96E0DE1EB90A6D009BF89E /* main.m */ = {isa = PBXFileReference; lastKnownFileType = sourcecode.c.objc; path = main.m; sourceTree = "<group>"; };
		7B96E0E01EB90A6D009BF89E /* AppDelegate.h */ = {isa = PBXFileReference; lastKnownFileType = sourcecode.c.h; path = AppDelegate.h; sourceTree = "<group>"; };
		7B96E0E11EB90A6D009BF89E /* AppDelegate.mm */ = {isa = PBXFileReference; lastKnownFileType = sourcecode.cpp.objcpp; path = AppDelegate.mm; sourceTree = "<group>"; };
		7B96E0E31EB90A6D009BF89E /* ViewController.h */ = {isa = PBXFileReference; lastKnownFileType = sourcecode.c.h; path = ViewController.h; sourceTree = "<group>"; };
		7B96E0E41EB90A6D009BF89E /* ViewController.m */ = {isa = PBXFileReference; lastKnownFileType = sourcecode.c.objc; path = ViewController.m; sourceTree = "<group>"; };
		7B96E0E71EB90A6D009BF89E /* Base */ = {isa = PBXFileReference; lastKnownFileType = file.storyboard; name = Base; path = Base.lproj/Main.storyboard; sourceTree = "<group>"; };
		7B96E0EA1EB90A6D009BF89E /* AngryBirds.xcdatamodel */ = {isa = PBXFileReference; lastKnownFileType = wrapper.xcdatamodel; path = AngryBirds.xcdatamodel; sourceTree = "<group>"; };
		7B96E0EC1EB90A6D009BF89E /* Assets.xcassets */ = {isa = PBXFileReference; lastKnownFileType = folder.assetcatalog; path = Assets.xcassets; sourceTree = "<group>"; };
		7B96E0EF1EB90A6D009BF89E /* Base */ = {isa = PBXFileReference; lastKnownFileType = file.storyboard; name = Base; path = Base.lproj/LaunchScreen.storyboard; sourceTree = "<group>"; };
		7B96E0F11EB90A6D009BF89E /* Info.plist */ = {isa = PBXFileReference; lastKnownFileType = text.plist.xml; path = Info.plist; sourceTree = "<group>"; };
		7B96E0F61EB90A6D009BF89E /* AngryBirdsTests.xctest */ = {isa = PBXFileReference; explicitFileType = wrapper.cfbundle; includeInIndex = 0; path = AngryBirdsTests.xctest; sourceTree = BUILT_PRODUCTS_DIR; };
		7B96E0FA1EB90A6D009BF89E /* AngryBirdsTests.m */ = {isa = PBXFileReference; lastKnownFileType = sourcecode.c.objc; path = AngryBirdsTests.m; sourceTree = "<group>"; };
		7B96E0FC1EB90A6D009BF89E /* Info.plist */ = {isa = PBXFileReference; lastKnownFileType = text.plist.xml; path = Info.plist; sourceTree = "<group>"; };
		7B96E1011EB90A6D009BF89E /* AngryBirdsUITests.xctest */ = {isa = PBXFileReference; explicitFileType = wrapper.cfbundle; includeInIndex = 0; path = AngryBirdsUITests.xctest; sourceTree = BUILT_PRODUCTS_DIR; };
		7B96E1051EB90A6D009BF89E /* AngryBirdsUITests.m */ = {isa = PBXFileReference; lastKnownFileType = sourcecode.c.objc; path = AngryBirdsUITests.m; sourceTree = "<group>"; };
		7B96E1071EB90A6D009BF89E /* Info.plist */ = {isa = PBXFileReference; lastKnownFileType = text.plist.xml; path = Info.plist; sourceTree = "<group>"; };
		7BD3EEDA1EBA6FF500A27A54 /* AudioToolbox.framework */ = {isa = PBXFileReference; lastKnownFileType = wrapper.framework; name = AudioToolbox.framework; path = System/Library/Frameworks/AudioToolbox.framework; sourceTree = SDKROOT; };
		7BD3EEDB1EBA6FF500A27A54 /* AVFoundation.framework */ = {isa = PBXFileReference; lastKnownFileType = wrapper.framework; name = AVFoundation.framework; path = System/Library/Frameworks/AVFoundation.framework; sourceTree = SDKROOT; };
		7BD3EEDC1EBA6FF500A27A54 /* OpenAL.framework */ = {isa = PBXFileReference; lastKnownFileType = wrapper.framework; name = OpenAL.framework; path = System/Library/Frameworks/OpenAL.framework; sourceTree = SDKROOT; };
		7BD3EEDD1EBA6FF500A27A54 /* OpenGLES.framework */ = {isa = PBXFileReference; lastKnownFileType = wrapper.framework; name = OpenGLES.framework; path = System/Library/Frameworks/OpenGLES.framework; sourceTree = SDKROOT; };
		7BD3EEDE1EBA6FF500A27A54 /* QuartzCore.framework */ = {isa = PBXFileReference; lastKnownFileType = wrapper.framework; name = QuartzCore.framework; path = System/Library/Frameworks/QuartzCore.framework; sourceTree = SDKROOT; };
		7BD3EEE41EBA735600A27A54 /* libz.1.dylib */ = {isa = PBXFileReference; lastKnownFileType = "compiled.mach-o.dylib"; name = libz.1.dylib; path = ../../../../../../../usr/lib/libz.1.dylib; sourceTree = "<group>"; };
		7BD3EEE91EBA744400A27A54 /* 1.data */ = {isa = PBXFileReference; fileEncoding = 4; lastKnownFileType = text; name = 1.data; path = Level/1.data; sourceTree = "<group>"; };
		7BD3EEEA1EBA744400A27A54 /* 2.data */ = {isa = PBXFileReference; fileEncoding = 4; lastKnownFileType = text; name = 2.data; path = Level/2.data; sourceTree = "<group>"; };
		7BD3EEED1EBA745A00A27A54 /* Box2D */ = {isa = PBXFileReference; lastKnownFileType = folder; name = Box2D; path = libs/Box2D; sourceTree = "<group>"; };
		7BD3EEEE1EBA745A00A27A54 /* cocos2d */ = {isa = PBXFileReference; lastKnownFileType = folder; name = cocos2d; path = libs/cocos2d; sourceTree = "<group>"; };
		7BD3EEEF1EBA745A00A27A54 /* CocosDenshion */ = {isa = PBXFileReference; lastKnownFileType = folder; name = CocosDenshion; path = libs/CocosDenshion; sourceTree = "<group>"; };
		7BD3EEF01EBA745A00A27A54 /* cocoslive */ = {isa = PBXFileReference; lastKnownFileType = folder; name = cocoslive; path = libs/cocoslive; sourceTree = "<group>"; };
		7BD3EEF11EBA745A00A27A54 /* FontLabel */ = {isa = PBXFileReference; lastKnownFileType = folder; name = FontLabel; path = libs/FontLabel; sourceTree = "<group>"; };
		7BD3EEF21EBA745A00A27A54 /* Fonts */ = {isa = PBXFileReference; lastKnownFileType = folder; name = Fonts; path = libs/Fonts; sourceTree = "<group>"; };
		7BD3EEF31EBA745A00A27A54 /* LICENSE_Box2D.txt */ = {isa = PBXFileReference; fileEncoding = 4; lastKnownFileType = text; name = LICENSE_Box2D.txt; path = libs/LICENSE_Box2D.txt; sourceTree = "<group>"; };
		7BD3EEF41EBA745A00A27A54 /* LICENSE_cocos2d.txt */ = {isa = PBXFileReference; fileEncoding = 4; lastKnownFileType = text; name = LICENSE_cocos2d.txt; path = libs/LICENSE_cocos2d.txt; sourceTree = "<group>"; };
		7BD3EEF51EBA745A00A27A54 /* LICENSE_CocosDenshion.txt */ = {isa = PBXFileReference; fileEncoding = 4; lastKnownFileType = text; name = LICENSE_CocosDenshion.txt; path = libs/LICENSE_CocosDenshion.txt; sourceTree = "<group>"; };
		7BD3EEF61EBA745A00A27A54 /* LICENSE_FontLabel.txt */ = {isa = PBXFileReference; fileEncoding = 4; lastKnownFileType = text; name = LICENSE_FontLabel.txt; path = libs/LICENSE_FontLabel.txt; sourceTree = "<group>"; };
		7BD3EEF71EBA745A00A27A54 /* LICENSE_TouchJSON.txt */ = {isa = PBXFileReference; fileEncoding = 4; lastKnownFileType = text; name = LICENSE_TouchJSON.txt; path = libs/LICENSE_TouchJSON.txt; sourceTree = "<group>"; };
		7BD3EEF81EBA745A00A27A54 /* SBJson */ = {isa = PBXFileReference; lastKnownFileType = folder; name = SBJson; path = libs/SBJson; sourceTree = "<group>"; };
		7BD3EEF91EBA745A00A27A54 /* TouchJSON */ = {isa = PBXFileReference; lastKnownFileType = folder; name = TouchJSON; path = libs/TouchJSON; sourceTree = "<group>"; };
/* End PBXFileReference section */

/* Begin PBXFrameworksBuildPhase section */
		7B96E0D71EB90A6D009BF89E /* Frameworks */ = {
			isa = PBXFrameworksBuildPhase;
			buildActionMask = 2147483647;
			files = (
				7BD3EEE51EBA735600A27A54 /* libz.1.dylib in Frameworks */,
				7BD3EEDF1EBA6FF500A27A54 /* AudioToolbox.framework in Frameworks */,
				7BD3EEE01EBA6FF500A27A54 /* AVFoundation.framework in Frameworks */,
				7BD3EEE11EBA6FF500A27A54 /* OpenAL.framework in Frameworks */,
				7BD3EEE21EBA6FF500A27A54 /* OpenGLES.framework in Frameworks */,
				7BD3EEE31EBA6FF500A27A54 /* QuartzCore.framework in Frameworks */,
			);
			runOnlyForDeploymentPostprocessing = 0;
		};
		7B96E0F31EB90A6D009BF89E /* Frameworks */ = {
			isa = PBXFrameworksBuildPhase;
			buildActionMask = 2147483647;
			files = (
			);
			runOnlyForDeploymentPostprocessing = 0;
		};
		7B96E0FE1EB90A6D009BF89E /* Frameworks */ = {
			isa = PBXFrameworksBuildPhase;
			buildActionMask = 2147483647;
			files = (
			);
			runOnlyForDeploymentPostprocessing = 0;
		};
/* End PBXFrameworksBuildPhase section */

/* Begin PBXGroup section */
		7B96E0D11EB90A6D009BF89E = {
			isa = PBXGroup;
			children = (
				7BD3EEE81EBA743300A27A54 /* level */,
				7BD3EEC31EBA4B0000A27A54 /* libs */,
				7B96E0DC1EB90A6D009BF89E /* AngryBirds */,
				7B96E0F91EB90A6D009BF89E /* AngryBirdsTests */,
				7B96E1041EB90A6D009BF89E /* AngryBirdsUITests */,
				7B96E0DB1EB90A6D009BF89E /* Products */,
				7BD3EED91EBA6FF500A27A54 /* Frameworks */,
			);
			sourceTree = "<group>";
		};
		7B96E0DB1EB90A6D009BF89E /* Products */ = {
			isa = PBXGroup;
			children = (
				7B96E0DA1EB90A6D009BF89E /* AngryBirds.app */,
				7B96E0F61EB90A6D009BF89E /* AngryBirdsTests.xctest */,
				7B96E1011EB90A6D009BF89E /* AngryBirdsUITests.xctest */,
			);
			name = Products;
			sourceTree = "<group>";
		};
		7B96E0DC1EB90A6D009BF89E /* AngryBirds */ = {
			isa = PBXGroup;
			children = (
				7B96E0E01EB90A6D009BF89E /* AppDelegate.h */,
				7B96E0E11EB90A6D009BF89E /* AppDelegate.mm */,
				7B96E0E31EB90A6D009BF89E /* ViewController.h */,
				7B96E0E41EB90A6D009BF89E /* ViewController.m */,
				7B96E0E61EB90A6D009BF89E /* Main.storyboard */,
				7B96E0EC1EB90A6D009BF89E /* Assets.xcassets */,
				7B96E0EE1EB90A6D009BF89E /* LaunchScreen.storyboard */,
				7B96E0F11EB90A6D009BF89E /* Info.plist */,
				7B96E0E91EB90A6D009BF89E /* AngryBirds.xcdatamodeld */,
				7B96E0DD1EB90A6D009BF89E /* Supporting Files */,
			);
			path = AngryBirds;
			sourceTree = "<group>";
		};
		7B96E0DD1EB90A6D009BF89E /* Supporting Files */ = {
			isa = PBXGroup;
			children = (
				7B96E0DE1EB90A6D009BF89E /* main.m */,
			);
			name = "Supporting Files";
			sourceTree = "<group>";
		};
		7B96E0F91EB90A6D009BF89E /* AngryBirdsTests */ = {
			isa = PBXGroup;
			children = (
				7B96E0FA1EB90A6D009BF89E /* AngryBirdsTests.m */,
				7B96E0FC1EB90A6D009BF89E /* Info.plist */,
			);
			path = AngryBirdsTests;
			sourceTree = "<group>";
		};
		7B96E1041EB90A6D009BF89E /* AngryBirdsUITests */ = {
			isa = PBXGroup;
			children = (
				7B96E1051EB90A6D009BF89E /* AngryBirdsUITests.m */,
				7B96E1071EB90A6D009BF89E /* Info.plist */,
			);
			path = AngryBirdsUITests;
			sourceTree = "<group>";
		};
		7BD3EEC31EBA4B0000A27A54 /* libs */ = {
			isa = PBXGroup;
			children = (
				7BD3EEED1EBA745A00A27A54 /* Box2D */,
				7BD3EEEE1EBA745A00A27A54 /* cocos2d */,
				7BD3EEEF1EBA745A00A27A54 /* CocosDenshion */,
				7BD3EEF01EBA745A00A27A54 /* cocoslive */,
				7BD3EEF11EBA745A00A27A54 /* FontLabel */,
				7BD3EEF21EBA745A00A27A54 /* Fonts */,
				7BD3EEF31EBA745A00A27A54 /* LICENSE_Box2D.txt */,
				7BD3EEF41EBA745A00A27A54 /* LICENSE_cocos2d.txt */,
				7BD3EEF51EBA745A00A27A54 /* LICENSE_CocosDenshion.txt */,
				7BD3EEF61EBA745A00A27A54 /* LICENSE_FontLabel.txt */,
				7BD3EEF71EBA745A00A27A54 /* LICENSE_TouchJSON.txt */,
				7BD3EEF81EBA745A00A27A54 /* SBJson */,
				7BD3EEF91EBA745A00A27A54 /* TouchJSON */,
			);
			name = libs;
			sourceTree = "<group>";
		};
		7BD3EED91EBA6FF500A27A54 /* Frameworks */ = {
			isa = PBXGroup;
			children = (
				7BD3EEE41EBA735600A27A54 /* libz.1.dylib */,
				7BD3EEDA1EBA6FF500A27A54 /* AudioToolbox.framework */,
				7BD3EEDB1EBA6FF500A27A54 /* AVFoundation.framework */,
				7BD3EEDC1EBA6FF500A27A54 /* OpenAL.framework */,
				7BD3EEDD1EBA6FF500A27A54 /* OpenGLES.framework */,
				7BD3EEDE1EBA6FF500A27A54 /* QuartzCore.framework */,
			);
			name = Frameworks;
			sourceTree = "<group>";
		};
		7BD3EEE81EBA743300A27A54 /* level */ = {
			isa = PBXGroup;
			children = (
				7BD3EEE91EBA744400A27A54 /* 1.data */,
				7BD3EEEA1EBA744400A27A54 /* 2.data */,
			);
			name = level;
			sourceTree = "<group>";
		};
/* End PBXGroup section */

/* Begin PBXNativeTarget section */
		7B96E0D91EB90A6D009BF89E /* AngryBirds */ = {
			isa = PBXNativeTarget;
			buildConfigurationList = 7B96E10A1EB90A6D009BF89E /* Build configuration list for PBXNativeTarget "AngryBirds" */;
			buildPhases = (
				7B96E0D61EB90A6D009BF89E /* Sources */,
				7B96E0D71EB90A6D009BF89E /* Frameworks */,
				7B96E0D81EB90A6D009BF89E /* Resources */,
			);
			buildRules = (
			);
			dependencies = (
			);
			name = AngryBirds;
			productName = AngryBirds;
			productReference = 7B96E0DA1EB90A6D009BF89E /* AngryBirds.app */;
			productType = "com.apple.product-type.application";
		};
		7B96E0F51EB90A6D009BF89E /* AngryBirdsTests */ = {
			isa = PBXNativeTarget;
			buildConfigurationList = 7B96E10D1EB90A6D009BF89E /* Build configuration list for PBXNativeTarget "AngryBirdsTests" */;
			buildPhases = (
				7B96E0F21EB90A6D009BF89E /* Sources */,
				7B96E0F31EB90A6D009BF89E /* Frameworks */,
				7B96E0F41EB90A6D009BF89E /* Resources */,
			);
			buildRules = (
			);
			dependencies = (
				7B96E0F81EB90A6D009BF89E /* PBXTargetDependency */,
			);
			name = AngryBirdsTests;
			productName = AngryBirdsTests;
			productReference = 7B96E0F61EB90A6D009BF89E /* AngryBirdsTests.xctest */;
			productType = "com.apple.product-type.bundle.unit-test";
		};
		7B96E1001EB90A6D009BF89E /* AngryBirdsUITests */ = {
			isa = PBXNativeTarget;
			buildConfigurationList = 7B96E1101EB90A6D009BF89E /* Build configuration list for PBXNativeTarget "AngryBirdsUITests" */;
			buildPhases = (
				7B96E0FD1EB90A6D009BF89E /* Sources */,
				7B96E0FE1EB90A6D009BF89E /* Frameworks */,
				7B96E0FF1EB90A6D009BF89E /* Resources */,
			);
			buildRules = (
			);
			dependencies = (
				7B96E1031EB90A6D009BF89E /* PBXTargetDependency */,
			);
			name = AngryBirdsUITests;
			productName = AngryBirdsUITests;
			productReference = 7B96E1011EB90A6D009BF89E /* AngryBirdsUITests.xctest */;
			productType = "com.apple.product-type.bundle.ui-testing";
		};
/* End PBXNativeTarget section */

/* Begin PBXProject section */
		7B96E0D21EB90A6D009BF89E /* Project object */ = {
			isa = PBXProject;
			attributes = {
				LastUpgradeCheck = 0820;
				ORGANIZATIONNAME = xumeng;
				TargetAttributes = {
					7B96E0D91EB90A6D009BF89E = {
						CreatedOnToolsVersion = 8.2.1;
						DevelopmentTeam = K52W7656E6;
						ProvisioningStyle = Automatic;
					};
					7B96E0F51EB90A6D009BF89E = {
						CreatedOnToolsVersion = 8.2.1;
						DevelopmentTeam = K52W7656E6;
						ProvisioningStyle = Automatic;
						TestTargetID = 7B96E0D91EB90A6D009BF89E;
					};
					7B96E1001EB90A6D009BF89E = {
						CreatedOnToolsVersion = 8.2.1;
						DevelopmentTeam = K52W7656E6;
						ProvisioningStyle = Automatic;
						TestTargetID = 7B96E0D91EB90A6D009BF89E;
					};
				};
			};
			buildConfigurationList = 7B96E0D51EB90A6D009BF89E /* Build configuration list for PBXProject "AngryBirds" */;
			compatibilityVersion = "Xcode 3.2";
			developmentRegion = English;
			hasScannedForEncodings = 0;
			knownRegions = (
				en,
				Base,
			);
			mainGroup = 7B96E0D11EB90A6D009BF89E;
			productRefGroup = 7B96E0DB1EB90A6D009BF89E /* Products */;
			projectDirPath = "";
			projectRoot = "";
			targets = (
				7B96E0D91EB90A6D009BF89E /* AngryBirds */,
				7B96E0F51EB90A6D009BF89E /* AngryBirdsTests */,
				7B96E1001EB90A6D009BF89E /* AngryBirdsUITests */,
			);
		};
/* End PBXProject section */

/* Begin PBXResourcesBuildPhase section */
		7B96E0D81EB90A6D009BF89E /* Resources */ = {
			isa = PBXResourcesBuildPhase;
			buildActionMask = 2147483647;
			files = (
				7BD3EEFF1EBA745A00A27A54 /* Fonts in Resources */,
				7BD3EEFD1EBA745A00A27A54 /* cocoslive in Resources */,
				7BD3EF041EBA745A00A27A54 /* LICENSE_TouchJSON.txt in Resources */,
				7BD3EF051EBA745A00A27A54 /* SBJson in Resources */,
				7BD3EEFA1EBA745A00A27A54 /* Box2D in Resources */,
				7BD3EF011EBA745A00A27A54 /* LICENSE_cocos2d.txt in Resources */,
				7BD3EF061EBA745A00A27A54 /* TouchJSON in Resources */,
				7BD3EEEC1EBA744400A27A54 /* 2.data in Resources */,
				7B96E0F01EB90A6D009BF89E /* LaunchScreen.storyboard in Resources */,
				7BD3EF021EBA745A00A27A54 /* LICENSE_CocosDenshion.txt in Resources */,
				7B96E0ED1EB90A6D009BF89E /* Assets.xcassets in Resources */,
				7BD3EEFC1EBA745A00A27A54 /* CocosDenshion in Resources */,
				7BD3EF031EBA745A00A27A54 /* LICENSE_FontLabel.txt in Resources */,
				7BD3EEFB1EBA745A00A27A54 /* cocos2d in Resources */,
				7BD3EF001EBA745A00A27A54 /* LICENSE_Box2D.txt in Resources */,
				7B96E0E81EB90A6D009BF89E /* Main.storyboard in Resources */,
				7BD3EEFE1EBA745A00A27A54 /* FontLabel in Resources */,
				7BD3EEEB1EBA744400A27A54 /* 1.data in Resources */,
			);
			runOnlyForDeploymentPostprocessing = 0;
		};
		7B96E0F41EB90A6D009BF89E /* Resources */ = {
			isa = PBXResourcesBuildPhase;
			buildActionMask = 2147483647;
			files = (
			);
			runOnlyForDeploymentPostprocessing = 0;
		};
		7B96E0FF1EB90A6D009BF89E /* Resources */ = {
			isa = PBXResourcesBuildPhase;
			buildActionMask = 2147483647;
			files = (
			);
			runOnlyForDeploymentPostprocessing = 0;
		};
/* End PBXResourcesBuildPhase section */

/* Begin PBXSourcesBuildPhase section */
		7B96E0D61EB90A6D009BF89E /* Sources */ = {
			isa = PBXSourcesBuildPhase;
			buildActionMask = 2147483647;
			files = (
				7B96E0EB1EB90A6D009BF89E /* AngryBirds.xcdatamodeld in Sources */,
				7B96E0E51EB90A6D009BF89E /* ViewController.m in Sources */,
				7B96E0E21EB90A6D009BF89E /* AppDelegate.mm in Sources */,
				7B96E0DF1EB90A6D009BF89E /* main.m in Sources */,
			);
			runOnlyForDeploymentPostprocessing = 0;
		};
		7B96E0F21EB90A6D009BF89E /* Sources */ = {
			isa = PBXSourcesBuildPhase;
			buildActionMask = 2147483647;
			files = (
				7B96E0FB1EB90A6D009BF89E /* AngryBirdsTests.m in Sources */,
			);
			runOnlyForDeploymentPostprocessing = 0;
		};
		7B96E0FD1EB90A6D009BF89E /* Sources */ = {
			isa = PBXSourcesBuildPhase;
			buildActionMask = 2147483647;
			files = (
				7B96E1061EB90A6D009BF89E /* AngryBirdsUITests.m in Sources */,
			);
			runOnlyForDeploymentPostprocessing = 0;
		};
/* End PBXSourcesBuildPhase section */

/* Begin PBXTargetDependency section */
		7B96E0F81EB90A6D009BF89E /* PBXTargetDependency */ = {
			isa = PBXTargetDependency;
			target = 7B96E0D91EB90A6D009BF89E /* AngryBirds */;
			targetProxy = 7B96E0F71EB90A6D009BF89E /* PBXContainerItemProxy */;
		};
		7B96E1031EB90A6D009BF89E /* PBXTargetDependency */ = {
			isa = PBXTargetDependency;
			target = 7B96E0D91EB90A6D009BF89E /* AngryBirds */;
			targetProxy = 7B96E1021EB90A6D009BF89E /* PBXContainerItemProxy */;
		};
/* End PBXTargetDependency section */

/* Begin PBXVariantGroup section */
		7B96E0E61EB90A6D009BF89E /* Main.storyboard */ = {
			isa = PBXVariantGroup;
			children = (
				7B96E0E71EB90A6D009BF89E /* Base */,
			);
			name = Main.storyboard;
			sourceTree = "<group>";
		};
		7B96E0EE1EB90A6D009BF89E /* LaunchScreen.storyboard */ = {
			isa = PBXVariantGroup;
			children = (
				7B96E0EF1EB90A6D009BF89E /* Base */,
			);
			name = LaunchScreen.storyboard;
			sourceTree = "<group>";
		};
/* End PBXVariantGroup section */

/* Begin XCBuildConfiguration section */
		7B96E1081EB90A6D009BF89E /* Debug */ = {
			isa = XCBuildConfiguration;
			buildSettings = {
				ALWAYS_SEARCH_USER_PATHS = NO;
				CLANG_ANALYZER_NONNULL = YES;
				CLANG_CXX_LANGUAGE_STANDARD = "gnu++0x";
				CLANG_CXX_LIBRARY = "libc++";
				CLANG_ENABLE_MODULES = YES;
				CLANG_ENABLE_OBJC_ARC = YES;
				CLANG_WARN_BOOL_CONVERSION = YES;
				CLANG_WARN_CONSTANT_CONVERSION = YES;
				CLANG_WARN_DIRECT_OBJC_ISA_USAGE = YES_ERROR;
				CLANG_WARN_DOCUMENTATION_COMMENTS = YES;
				CLANG_WARN_EMPTY_BODY = YES;
				CLANG_WARN_ENUM_CONVERSION = YES;
				CLANG_WARN_INFINITE_RECURSION = YES;
				CLANG_WARN_INT_CONVERSION = YES;
				CLANG_WARN_OBJC_ROOT_CLASS = YES_ERROR;
				CLANG_WARN_SUSPICIOUS_MOVE = YES;
				CLANG_WARN_UNREACHABLE_CODE = YES;
				CLANG_WARN__DUPLICATE_METHOD_MATCH = YES;
				"CODE_SIGN_IDENTITY[sdk=iphoneos*]" = "iPhone Developer";
				COPY_PHASE_STRIP = NO;
				DEBUG_INFORMATION_FORMAT = dwarf;
				ENABLE_STRICT_OBJC_MSGSEND = YES;
				ENABLE_TESTABILITY = YES;
				GCC_C_LANGUAGE_STANDARD = gnu99;
				GCC_DYNAMIC_NO_PIC = NO;
				GCC_NO_COMMON_BLOCKS = YES;
				GCC_OPTIMIZATION_LEVEL = 0;
				GCC_PREPROCESSOR_DEFINITIONS = (
					"DEBUG=1",
					"$(inherited)",
				);
				GCC_WARN_64_TO_32_BIT_CONVERSION = YES;
				GCC_WARN_ABOUT_RETURN_TYPE = YES_ERROR;
				GCC_WARN_UNDECLARED_SELECTOR = YES;
				GCC_WARN_UNINITIALIZED_AUTOS = YES_AGGRESSIVE;
				GCC_WARN_UNUSED_FUNCTION = YES;
				GCC_WARN_UNUSED_VARIABLE = YES;
				IPHONEOS_DEPLOYMENT_TARGET = 10.2;
				MTL_ENABLE_DEBUG_INFO = YES;
				ONLY_ACTIVE_ARCH = YES;
				SDKROOT = iphoneos;
			};
			name = Debug;
		};
		7B96E1091EB90A6D009BF89E /* Release */ = {
			isa = XCBuildConfiguration;
			buildSettings = {
				ALWAYS_SEARCH_USER_PATHS = NO;
				CLANG_ANALYZER_NONNULL = YES;
				CLANG_CXX_LANGUAGE_STANDARD = "gnu++0x";
				CLANG_CXX_LIBRARY = "libc++";
				CLANG_ENABLE_MODULES = YES;
				CLANG_ENABLE_OBJC_ARC = YES;
				CLANG_WARN_BOOL_CONVERSION = YES;
				CLANG_WARN_CONSTANT_CONVERSION = YES;
				CLANG_WARN_DIRECT_OBJC_ISA_USAGE = YES_ERROR;
				CLANG_WARN_DOCUMENTATION_COMMENTS = YES;
				CLANG_WARN_EMPTY_BODY = YES;
				CLANG_WARN_ENUM_CONVERSION = YES;
				CLANG_WARN_INFINITE_RECURSION = YES;
				CLANG_WARN_INT_CONVERSION = YES;
				CLANG_WARN_OBJC_ROOT_CLASS = YES_ERROR;
				CLANG_WARN_SUSPICIOUS_MOVE = YES;
				CLANG_WARN_UNREACHABLE_CODE = YES;
				CLANG_WARN__DUPLICATE_METHOD_MATCH = YES;
				"CODE_SIGN_IDENTITY[sdk=iphoneos*]" = "iPhone Developer";
				COPY_PHASE_STRIP = NO;
				DEBUG_INFORMATION_FORMAT = "dwarf-with-dsym";
				ENABLE_NS_ASSERTIONS = NO;
				ENABLE_STRICT_OBJC_MSGSEND = YES;
				GCC_C_LANGUAGE_STANDARD = gnu99;
				GCC_NO_COMMON_BLOCKS = YES;
				GCC_WARN_64_TO_32_BIT_CONVERSION = YES;
				GCC_WARN_ABOUT_RETURN_TYPE = YES_ERROR;
				GCC_WARN_UNDECLARED_SELECTOR = YES;
				GCC_WARN_UNINITIALIZED_AUTOS = YES_AGGRESSIVE;
				GCC_WARN_UNUSED_FUNCTION = YES;
				GCC_WARN_UNUSED_VARIABLE = YES;
				IPHONEOS_DEPLOYMENT_TARGET = 10.2;
				MTL_ENABLE_DEBUG_INFO = NO;
				SDKROOT = iphoneos;
				VALIDATE_PRODUCT = YES;
			};
			name = Release;
		};
		7B96E10B1EB90A6D009BF89E /* Debug */ = {
			isa = XCBuildConfiguration;
			buildSettings = {
				ALWAYS_SEARCH_USER_PATHS = YES;
				ASSETCATALOG_COMPILER_APPICON_NAME = AppIcon;
				DEVELOPMENT_TEAM = K52W7656E6;
				INFOPLIST_FILE = AngryBirds/Info.plist;
				LD_RUNPATH_SEARCH_PATHS = "$(inherited) @executable_path/Frameworks";
				PRODUCT_BUNDLE_IDENTIFIER = com.xumeng.AngryBirds;
				PRODUCT_NAME = "$(TARGET_NAME)";
				USER_HEADER_SEARCH_PATHS = "${PROJECT_DIR}/libs";
			};
			name = Debug;
		};
		7B96E10C1EB90A6D009BF89E /* Release */ = {
			isa = XCBuildConfiguration;
			buildSettings = {
				ALWAYS_SEARCH_USER_PATHS = YES;
				ASSETCATALOG_COMPILER_APPICON_NAME = AppIcon;
				DEVELOPMENT_TEAM = K52W7656E6;
				INFOPLIST_FILE = AngryBirds/Info.plist;
				LD_RUNPATH_SEARCH_PATHS = "$(inherited) @executable_path/Frameworks";
				PRODUCT_BUNDLE_IDENTIFIER = com.xumeng.AngryBirds;
				PRODUCT_NAME = "$(TARGET_NAME)";
				USER_HEADER_SEARCH_PATHS = "${PROJECT_DIR}/libs";
			};
			name = Release;
		};
		7B96E10E1EB90A6D009BF89E /* Debug */ = {
			isa = XCBuildConfiguration;
			buildSettings = {
				BUNDLE_LOADER = "$(TEST_HOST)";
				DEVELOPMENT_TEAM = K52W7656E6;
				INFOPLIST_FILE = AngryBirdsTests/Info.plist;
				LD_RUNPATH_SEARCH_PATHS = "$(inherited) @executable_path/Frameworks @loader_path/Frameworks";
				PRODUCT_BUNDLE_IDENTIFIER = com.xumeng.AngryBirdsTests;
				PRODUCT_NAME = "$(TARGET_NAME)";
				TEST_HOST = "$(BUILT_PRODUCTS_DIR)/AngryBirds.app/AngryBirds";
			};
			name = Debug;
		};
		7B96E10F1EB90A6D009BF89E /* Release */ = {
			isa = XCBuildConfiguration;
			buildSettings = {
				BUNDLE_LOADER = "$(TEST_HOST)";
				DEVELOPMENT_TEAM = K52W7656E6;
				INFOPLIST_FILE = AngryBirdsTests/Info.plist;
				LD_RUNPATH_SEARCH_PATHS = "$(inherited) @executable_path/Frameworks @loader_path/Frameworks";
				PRODUCT_BUNDLE_IDENTIFIER = com.xumeng.AngryBirdsTests;
				PRODUCT_NAME = "$(TARGET_NAME)";
				TEST_HOST = "$(BUILT_PRODUCTS_DIR)/AngryBirds.app/AngryBirds";
			};
			name = Release;
		};
		7B96E1111EB90A6D009BF89E /* Debug */ = {
			isa = XCBuildConfiguration;
			buildSettings = {
				DEVELOPMENT_TEAM = K52W7656E6;
				INFOPLIST_FILE = AngryBirdsUITests/Info.plist;
				LD_RUNPATH_SEARCH_PATHS = "$(inherited) @executable_path/Frameworks @loader_path/Frameworks";
				PRODUCT_BUNDLE_IDENTIFIER = com.xumeng.AngryBirdsUITests;
				PRODUCT_NAME = "$(TARGET_NAME)";
				TEST_TARGET_NAME = AngryBirds;
			};
			name = Debug;
		};
		7B96E1121EB90A6D009BF89E /* Release */ = {
			isa = XCBuildConfiguration;
			buildSettings = {
				DEVELOPMENT_TEAM = K52W7656E6;
				INFOPLIST_FILE = AngryBirdsUITests/Info.plist;
				LD_RUNPATH_SEARCH_PATHS = "$(inherited) @executable_path/Frameworks @loader_path/Frameworks";
				PRODUCT_BUNDLE_IDENTIFIER = com.xumeng.AngryBirdsUITests;
				PRODUCT_NAME = "$(TARGET_NAME)";
				TEST_TARGET_NAME = AngryBirds;
			};
			name = Release;
		};
/* End XCBuildConfiguration section */

/* Begin XCConfigurationList section */
		7B96E0D51EB90A6D009BF89E /* Build configuration list for PBXProject "AngryBirds" */ = {
			isa = XCConfigurationList;
			buildConfigurations = (
				7B96E1081EB90A6D009BF89E /* Debug */,
				7B96E1091EB90A6D009BF89E /* Release */,
			);
			defaultConfigurationIsVisible = 0;
			defaultConfigurationName = Release;
		};
		7B96E10A1EB90A6D009BF89E /* Build configuration list for PBXNativeTarget "AngryBirds" */ = {
			isa = XCConfigurationList;
			buildConfigurations = (
				7B96E10B1EB90A6D009BF89E /* Debug */,
				7B96E10C1EB90A6D009BF89E /* Release */,
			);
			defaultConfigurationIsVisible = 0;
			defaultConfigurationName = Release;
		};
		7B96E10D1EB90A6D009BF89E /* Build configuration list for PBXNativeTarget "AngryBirdsTests" */ = {
			isa = XCConfigurationList;
			buildConfigurations = (
				7B96E10E1EB90A6D009BF89E /* Debug */,
				7B96E10F1EB90A6D009BF89E /* Release */,
			);
			defaultConfigurationIsVisible = 0;
			defaultConfigurationName = Release;
		};
		7B96E1101EB90A6D009BF89E /* Build configuration list for PBXNativeTarget "AngryBirdsUITests" */ = {
			isa = XCConfigurationList;
			buildConfigurations = (
				7B96E1111EB90A6D009BF89E /* Debug */,
				7B96E1121EB90A6D009BF89E /* Release */,
			);
			defaultConfigurationIsVisible = 0;
			defaultConfigurationName = Release;
		};
/* End XCConfigurationList section */

/* Begin XCVersionGroup section */
		7B96E0E91EB90A6D009BF89E /* AngryBirds.xcdatamodeld */ = {
			isa = XCVersionGroup;
			children = (
				7B96E0EA1EB90A6D009BF89E /* AngryBirds.xcdatamodel */,
			);
			currentVersion = 7B96E0EA1EB90A6D009BF89E /* AngryBirds.xcdatamodel */;
			path = AngryBirds.xcdatamodeld;
			sourceTree = "<group>";
			versionGroupType = wrapper.xcdatamodel;
		};
/* End XCVersionGroup section */
	};
	rootObject = 7B96E0D21EB90A6D009BF89E /* Project object */;
}
